
Microsoft Visual Studio Solution File, Format Version 12.00
# Visual Studio 15
VisualStudioVersion = 15.0.28010.2046
MinimumVisualStudioVersion = 10.0.40219.1
Project("{FAE04EC0-301F-11D3-BF4B-00C04F79EFBC}") = "ClientMqtt", "ClientMqtt\ClientMqtt.csproj", "{1BAC6E2B-FCB7-4A39-8281-8B01D3D5E8B1}"
EndProject
Global
	GlobalSection(SolutionConfigurationPlatforms) = preSolution
		Debug|Any CPU = Debug|Any CPU
		Release|Any CPU = Release|Any CPU
	EndGlobalSection
	GlobalSection(ProjectConfigurationPlatforms) = postSolution
		{1BAC6E2B-FCB7-4A39-8281-8B01D3D5E8B1}.Debug|Any CPU.ActiveCfg = Debug|Any CPU
		{1BAC6E2B-FCB7-4A39-8281-8B01D3D5E8B1}.Debug|Any CPU.Build.0 = Debug|Any CPU
		{1BAC6E2B-FCB7-4A39-8281-8B01D3D5E8B1}.Release|Any CPU.ActiveCfg = Release|Any CPU
		{1BAC6E2B-FCB7-4A39-8281-8B01D3D5E8B1}.Release|Any CPU.Build.0 = Release|Any CPU
	EndGlobalSection
	GlobalSection(SolutionProperties) = preSolution
		HideSolutionNode = FALSE
	EndGlobalSection
	GlobalSection(ExtensibilityGlobals) = postSolution
		SolutionGuid = {862C87EB-C183-4843-8F2C-5BE5137F4551}
	EndGlobalSection
EndGlobal
